
Microsoft Visual Studio Solution File, Format Version 12.00
# Visual Studio Version 16
VisualStudioVersion = 16.0.30002.166
MinimumVisualStudioVersion = 10.0.40219.1
Project("{FAE04EC0-301F-11D3-BF4B-00C04F79EFBC}") = "IncentiveDataLoader", "IncentiveDataLoader\IncentiveDataLoader.csproj", "{6432113A-D258-40F7-8549-E8BA4F1BF9AE}"
EndProject
Global
	GlobalSection(SolutionConfigurationPlatforms) = preSolution
		Debug|Any CPU = Debug|Any CPU
		Release|Any CPU = Release|Any CPU
	EndGlobalSection
	GlobalSection(ProjectConfigurationPlatforms) = postSolution
		{6432113A-D258-40F7-8549-E8BA4F1BF9AE}.Debug|Any CPU.ActiveCfg = Debug|Any CPU
		{6432113A-D258-40F7-8549-E8BA4F1BF9AE}.Debug|Any CPU.Build.0 = Debug|Any CPU
		{6432113A-D258-40F7-8549-E8BA4F1BF9AE}.Release|Any CPU.ActiveCfg = Release|Any CPU
		{6432113A-D258-40F7-8549-E8BA4F1BF9AE}.Release|Any CPU.Build.0 = Release|Any CPU
	EndGlobalSection
	GlobalSection(SolutionProperties) = preSolution
		HideSolutionNode = FALSE
	EndGlobalSection
	GlobalSection(ExtensibilityGlobals) = postSolution
		SolutionGuid = {65496732-B66E-4C84-96C6-62BF5CDBD37D}
	EndGlobalSection
EndGlobal
